// !$*UTF8*$!
{
	archiveVersion = 1;
	classes = {
	};
	objectVersion = 46;
	objects = {

/* Begin PBXBuildFile section */
		6E39776019377F3500E5A00F /* Foundation.framework in Frameworks */ = {isa = PBXBuildFile; fileRef = 6E39775F19377F3500E5A00F /* Foundation.framework */; };
		6E39776219377F3500E5A00F /* CoreGraphics.framework in Frameworks */ = {isa = PBXBuildFile; fileRef = 6E39776119377F3500E5A00F /* CoreGraphics.framework */; };
		6E39776419377F3500E5A00F /* UIKit.framework in Frameworks */ = {isa = PBXBuildFile; fileRef = 6E39776319377F3500E5A00F /* UIKit.framework */; };
		6E39776A19377F3500E5A00F /* InfoPlist.strings in Resources */ = {isa = PBXBuildFile; fileRef = 6E39776819377F3500E5A00F /* InfoPlist.strings */; };
		6E39776C19377F3500E5A00F /* main.m in Sources */ = {isa = PBXBuildFile; fileRef = 6E39776B19377F3500E5A00F /* main.m */; };
		6E39777019377F3500E5A00F /* QPChatAppDelegate.m in Sources */ = {isa = PBXBuildFile; fileRef = 6E39776F19377F3500E5A00F /* QPChatAppDelegate.m */; };
		6E39777619377F3500E5A00F /* QPChatViewController.m in Sources */ = {isa = PBXBuildFile; fileRef = 6E39777519377F3500E5A00F /* QPChatViewController.m */; };
		6E39777819377F3500E5A00F /* Images.xcassets in Resources */ = {isa = PBXBuildFile; fileRef = 6E39777719377F3500E5A00F /* Images.xcassets */; };
		6E39777F19377F3500E5A00F /* XCTest.framework in Frameworks */ = {isa = PBXBuildFile; fileRef = 6E39777E19377F3500E5A00F /* XCTest.framework */; };
		6E39778019377F3500E5A00F /* Foundation.framework in Frameworks */ = {isa = PBXBuildFile; fileRef = 6E39775F19377F3500E5A00F /* Foundation.framework */; };
		6E39778119377F3500E5A00F /* UIKit.framework in Frameworks */ = {isa = PBXBuildFile; fileRef = 6E39776319377F3500E5A00F /* UIKit.framework */; };
		6E39778919377F3500E5A00F /* InfoPlist.strings in Resources */ = {isa = PBXBuildFile; fileRef = 6E39778719377F3500E5A00F /* InfoPlist.strings */; };
		6E39778B19377F3500E5A00F /* QPChatNoUseTests.m in Sources */ = {isa = PBXBuildFile; fileRef = 6E39778A19377F3500E5A00F /* QPChatNoUseTests.m */; };
		6E397796193781EE00E5A00F /* QPChatNoUse.png in Resources */ = {isa = PBXBuildFile; fileRef = 6E397795193781EE00E5A00F /* QPChatNoUse.png */; };
/* End PBXBuildFile section */

/* Begin PBXContainerItemProxy section */
		6E39778219377F3500E5A00F /* PBXContainerItemProxy */ = {
			isa = PBXContainerItemProxy;
			containerPortal = 6E39775419377F3400E5A00F /* Project object */;
			proxyType = 1;
			remoteGlobalIDString = 6E39775B19377F3500E5A00F;
			remoteInfo = QPChatNoUse;
		};
/* End PBXContainerItemProxy section */

/* Begin PBXFileReference section */
		6E39775C19377F3500E5A00F /* QPChatNoUse.app */ = {isa = PBXFileReference; explicitFileType = wrapper.application; includeInIndex = 0; path = QPChatNoUse.app; sourceTree = BUILT_PRODUCTS_DIR; };
		6E39775F19377F3500E5A00F /* Foundation.framework */ = {isa = PBXFileReference; lastKnownFileType = wrapper.framework; name = Foundation.framework; path = System/Library/Frameworks/Foundation.framework; sourceTree = SDKROOT; };
		6E39776119377F3500E5A00F /* CoreGraphics.framework */ = {isa = PBXFileReference; lastKnownFileType = wrapper.framework; name = CoreGraphics.framework; path = System/Library/Frameworks/CoreGraphics.framework; sourceTree = SDKROOT; };
		6E39776319377F3500E5A00F /* UIKit.framework */ = {isa = PBXFileReference; lastKnownFileType = wrapper.framework; name = UIKit.framework; path = System/Library/Frameworks/UIKit.framework; sourceTree = SDKROOT; };
		6E39776719377F3500E5A00F /* QPChatNoUse-Info.plist */ = {isa = PBXFileReference; lastKnownFileType = text.plist.xml; path = "QPChatNoUse-Info.plist"; sourceTree = "<group>"; };
		6E39776919377F3500E5A00F /* en */ = {isa = PBXFileReference; lastKnownFileType = text.plist.strings; name = en; path = en.lproj/InfoPlist.strings; sourceTree = "<group>"; };
		6E39776B19377F3500E5A00F /* main.m */ = {isa = PBXFileReference; lastKnownFileType = sourcecode.c.objc; path = main.m; sourceTree = "<group>"; };
		6E39776D19377F3500E5A00F /* QPChatNoUse-Prefix.pch */ = {isa = PBXFileReference; lastKnownFileType = sourcecode.c.h; path = "QPChatNoUse-Prefix.pch"; sourceTree = "<group>"; };
		6E39776E19377F3500E5A00F /* QPChatAppDelegate.h */ = {isa = PBXFileReference; lastKnownFileType = sourcecode.c.h; path = QPChatAppDelegate.h; sourceTree = "<group>"; };
		6E39776F19377F3500E5A00F /* QPChatAppDelegate.m */ = {isa = PBXFileReference; lastKnownFileType = sourcecode.c.objc; path = QPChatAppDelegate.m; sourceTree = "<group>"; };
		6E39777419377F3500E5A00F /* QPChatViewController.h */ = {isa = PBXFileReference; lastKnownFileType = sourcecode.c.h; name = QPChatViewController.h; path = QPChatNoUse/QPChat/QPChatViewController.h; sourceTree = SOURCE_ROOT; };
		6E39777519377F3500E5A00F /* QPChatViewController.m */ = {isa = PBXFileReference; lastKnownFileType = sourcecode.c.objc; name = QPChatViewController.m; path = QPChatNoUse/QPChat/QPChatViewController.m; sourceTree = SOURCE_ROOT; };
		6E39777719377F3500E5A00F /* Images.xcassets */ = {isa = PBXFileReference; lastKnownFileType = folder.assetcatalog; path = Images.xcassets; sourceTree = "<group>"; };
		6E39777D19377F3500E5A00F /* QPChatNoUseTests.xctest */ = {isa = PBXFileReference; explicitFileType = wrapper.cfbundle; includeInIndex = 0; path = QPChatNoUseTests.xctest; sourceTree = BUILT_PRODUCTS_DIR; };
		6E39777E19377F3500E5A00F /* XCTest.framework */ = {isa = PBXFileReference; lastKnownFileType = wrapper.framework; name = XCTest.framework; path = Library/Frameworks/XCTest.framework; sourceTree = DEVELOPER_DIR; };
		6E39778619377F3500E5A00F /* QPChatNoUseTests-Info.plist */ = {isa = PBXFileReference; lastKnownFileType = text.plist.xml; path = "QPChatNoUseTests-Info.plist"; sourceTree = "<group>"; };
		6E39778819377F3500E5A00F /* en */ = {isa = PBXFileReference; lastKnownFileType = text.plist.strings; name = en; path = en.lproj/InfoPlist.strings; sourceTree = "<group>"; };
		6E39778A19377F3500E5A00F /* QPChatNoUseTests.m */ = {isa = PBXFileReference; lastKnownFileType = sourcecode.c.objc; path = QPChatNoUseTests.m; sourceTree = "<group>"; };
		6E397795193781EE00E5A00F /* QPChatNoUse.png */ = {isa = PBXFileReference; lastKnownFileType = image.png; path = QPChatNoUse.png; sourceTree = "<group>"; };
/* End PBXFileReference section */

/* Begin PBXFrameworksBuildPhase section */
		6E39775919377F3500E5A00F /* Frameworks */ = {
			isa = PBXFrameworksBuildPhase;
			buildActionMask = 2147483647;
			files = (
				6E39776219377F3500E5A00F /* CoreGraphics.framework in Frameworks */,
				6E39776419377F3500E5A00F /* UIKit.framework in Frameworks */,
				6E39776019377F3500E5A00F /* Foundation.framework in Frameworks */,
			);
			runOnlyForDeploymentPostprocessing = 0;
		};
		6E39777A19377F3500E5A00F /* Frameworks */ = {
			isa = PBXFrameworksBuildPhase;
			buildActionMask = 2147483647;
			files = (
				6E39777F19377F3500E5A00F /* XCTest.framework in Frameworks */,
				6E39778119377F3500E5A00F /* UIKit.framework in Frameworks */,
				6E39778019377F3500E5A00F /* Foundation.framework in Frameworks */,
			);
			runOnlyForDeploymentPostprocessing = 0;
		};
/* End PBXFrameworksBuildPhase section */

/* Begin PBXGroup section */
		6E39775319377F3400E5A00F = {
			isa = PBXGroup;
			children = (
				6E39776519377F3500E5A00F /* QPChatNoUse */,
				6E39778419377F3500E5A00F /* QPChatNoUseTests */,
				6E39775E19377F3500E5A00F /* Frameworks */,
				6E39775D19377F3500E5A00F /* Products */,
			);
			sourceTree = "<group>";
		};
		6E39775D19377F3500E5A00F /* Products */ = {
			isa = PBXGroup;
			children = (
				6E39775C19377F3500E5A00F /* QPChatNoUse.app */,
				6E39777D19377F3500E5A00F /* QPChatNoUseTests.xctest */,
			);
			name = Products;
			sourceTree = "<group>";
		};
		6E39775E19377F3500E5A00F /* Frameworks */ = {
			isa = PBXGroup;
			children = (
				6E39775F19377F3500E5A00F /* Foundation.framework */,
				6E39776119377F3500E5A00F /* CoreGraphics.framework */,
				6E39776319377F3500E5A00F /* UIKit.framework */,
				6E39777E19377F3500E5A00F /* XCTest.framework */,
			);
			name = Frameworks;
			sourceTree = "<group>";
		};
		6E39776519377F3500E5A00F /* QPChatNoUse */ = {
			isa = PBXGroup;
			children = (
				6E3977971937820B00E5A00F /* QPChat */,
				6E3977941937816F00E5A00F /* resources */,
				6E39776E19377F3500E5A00F /* QPChatAppDelegate.h */,
				6E39776F19377F3500E5A00F /* QPChatAppDelegate.m */,
				6E39777719377F3500E5A00F /* Images.xcassets */,
				6E39776619377F3500E5A00F /* Supporting Files */,
			);
			path = QPChatNoUse;
			sourceTree = "<group>";
		};
		6E39776619377F3500E5A00F /* Supporting Files */ = {
			isa = PBXGroup;
			children = (
				6E39776719377F3500E5A00F /* QPChatNoUse-Info.plist */,
				6E39776819377F3500E5A00F /* InfoPlist.strings */,
				6E39776B19377F3500E5A00F /* main.m */,
				6E39776D19377F3500E5A00F /* QPChatNoUse-Prefix.pch */,
			);
			name = "Supporting Files";
			sourceTree = "<group>";
		};
		6E39778419377F3500E5A00F /* QPChatNoUseTests */ = {
			isa = PBXGroup;
			children = (
				6E39778A19377F3500E5A00F /* QPChatNoUseTests.m */,
				6E39778519377F3500E5A00F /* Supporting Files */,
			);
			path = QPChatNoUseTests;
			sourceTree = "<group>";
		};
		6E39778519377F3500E5A00F /* Supporting Files */ = {
			isa = PBXGroup;
			children = (
				6E39778619377F3500E5A00F /* QPChatNoUseTests-Info.plist */,
				6E39778719377F3500E5A00F /* InfoPlist.strings */,
			);
			name = "Supporting Files";
			sourceTree = "<group>";
		};
		6E3977941937816F00E5A00F /* resources */ = {
			isa = PBXGroup;
			children = (
				6E397795193781EE00E5A00F /* QPChatNoUse.png */,
			);
			name = resources;
			path = QPChatNoUse/resources;
			sourceTree = SOURCE_ROOT;
		};
		6E3977971937820B00E5A00F /* QPChat */ = {
			isa = PBXGroup;
			children = (
				6E39777419377F3500E5A00F /* QPChatViewController.h */,
				6E39777519377F3500E5A00F /* QPChatViewController.m */,
			);
			name = QPChat;
			path = QPChatNoUse/QPChat;
			sourceTree = SOURCE_ROOT;
		};
/* End PBXGroup section */

/* Begin PBXNativeTarget section */
		6E39775B19377F3500E5A00F /* QPChatNoUse */ = {
			isa = PBXNativeTarget;
			buildConfigurationList = 6E39778E19377F3500E5A00F /* Build configuration list for PBXNativeTarget "QPChatNoUse" */;
			buildPhases = (
				6E39775819377F3500E5A00F /* Sources */,
				6E39775919377F3500E5A00F /* Frameworks */,
				6E39775A19377F3500E5A00F /* Resources */,
			);
			buildRules = (
			);
			dependencies = (
			);
			name = QPChatNoUse;
			productName = QPChatNoUse;
			productReference = 6E39775C19377F3500E5A00F /* QPChatNoUse.app */;
			productType = "com.apple.product-type.application";
		};
		6E39777C19377F3500E5A00F /* QPChatNoUseTests */ = {
			isa = PBXNativeTarget;
			buildConfigurationList = 6E39779119377F3500E5A00F /* Build configuration list for PBXNativeTarget "QPChatNoUseTests" */;
			buildPhases = (
				6E39777919377F3500E5A00F /* Sources */,
				6E39777A19377F3500E5A00F /* Frameworks */,
				6E39777B19377F3500E5A00F /* Resources */,
			);
			buildRules = (
			);
			dependencies = (
				6E39778319377F3500E5A00F /* PBXTargetDependency */,
			);
			name = QPChatNoUseTests;
			productName = QPChatNoUseTests;
			productReference = 6E39777D19377F3500E5A00F /* QPChatNoUseTests.xctest */;
			productType = "com.apple.product-type.bundle.unit-test";
		};
/* End PBXNativeTarget section */

/* Begin PBXProject section */
		6E39775419377F3400E5A00F /* Project object */ = {
			isa = PBXProject;
			attributes = {
				CLASSPREFIX = QPChat;
				LastUpgradeCheck = 0500;
				ORGANIZATIONNAME = "Li Yi";
				TargetAttributes = {
					6E39777C19377F3500E5A00F = {
						TestTargetID = 6E39775B19377F3500E5A00F;
					};
				};
			};
			buildConfigurationList = 6E39775719377F3400E5A00F /* Build configuration list for PBXProject "QPChatNoUse" */;
			compatibilityVersion = "Xcode 3.2";
			developmentRegion = English;
			hasScannedForEncodings = 0;
			knownRegions = (
				en,
				Base,
			);
			mainGroup = 6E39775319377F3400E5A00F;
			productRefGroup = 6E39775D19377F3500E5A00F /* Products */;
			projectDirPath = "";
			projectRoot = "";
			targets = (
				6E39775B19377F3500E5A00F /* QPChatNoUse */,
				6E39777C19377F3500E5A00F /* QPChatNoUseTests */,
			);
		};
/* End PBXProject section */

/* Begin PBXResourcesBuildPhase section */
		6E39775A19377F3500E5A00F /* Resources */ = {
			isa = PBXResourcesBuildPhase;
			buildActionMask = 2147483647;
			files = (
				6E397796193781EE00E5A00F /* QPChatNoUse.png in Resources */,
				6E39777819377F3500E5A00F /* Images.xcassets in Resources */,
				6E39776A19377F3500E5A00F /* InfoPlist.strings in Resources */,
			);
			runOnlyForDeploymentPostprocessing = 0;
		};
		6E39777B19377F3500E5A00F /* Resources */ = {
			isa = PBXResourcesBuildPhase;
			buildActionMask = 2147483647;
			files = (
				6E39778919377F3500E5A00F /* InfoPlist.strings in Resources */,
			);
			runOnlyForDeploymentPostprocessing = 0;
		};
/* End PBXResourcesBuildPhase section */

/* Begin PBXSourcesBuildPhase section */
		6E39775819377F3500E5A00F /* Sources */ = {
			isa = PBXSourcesBuildPhase;
			buildActionMask = 2147483647;
			files = (
				6E39776C19377F3500E5A00F /* main.m in Sources */,
				6E39777619377F3500E5A00F /* QPChatViewController.m in Sources */,
				6E39777019377F3500E5A00F /* QPChatAppDelegate.m in Sources */,
			);
			runOnlyForDeploymentPostprocessing = 0;
		};
		6E39777919377F3500E5A00F /* Sources */ = {
			isa = PBXSourcesBuildPhase;
			buildActionMask = 2147483647;
			files = (
				6E39778B19377F3500E5A00F /* QPChatNoUseTests.m in Sources */,
			);
			runOnlyForDeploymentPostprocessing = 0;
		};
/* End PBXSourcesBuildPhase section */

/* Begin PBXTargetDependency section */
		6E39778319377F3500E5A00F /* PBXTargetDependency */ = {
			isa = PBXTargetDependency;
			target = 6E39775B19377F3500E5A00F /* QPChatNoUse */;
			targetProxy = 6E39778219377F3500E5A00F /* PBXContainerItemProxy */;
		};
/* End PBXTargetDependency section */

/* Begin PBXVariantGroup section */
		6E39776819377F3500E5A00F /* InfoPlist.strings */ = {
			isa = PBXVariantGroup;
			children = (
				6E39776919377F3500E5A00F /* en */,
			);
			name = InfoPlist.strings;
			sourceTree = "<group>";
		};
		6E39778719377F3500E5A00F /* InfoPlist.strings */ = {
			isa = PBXVariantGroup;
			children = (
				6E39778819377F3500E5A00F /* en */,
			);
			name = InfoPlist.strings;
			sourceTree = "<group>";
		};
/* End PBXVariantGroup section */

/* Begin XCBuildConfiguration section */
		6E39778C19377F3500E5A00F /* Debug */ = {
			isa = XCBuildConfiguration;
			buildSettings = {
				ALWAYS_SEARCH_USER_PATHS = NO;
				ARCHS = "$(ARCHS_STANDARD_INCLUDING_64_BIT)";
				CLANG_CXX_LANGUAGE_STANDARD = "gnu++0x";
				CLANG_CXX_LIBRARY = "libc++";
				CLANG_ENABLE_MODULES = YES;
				CLANG_ENABLE_OBJC_ARC = YES;
				CLANG_WARN_BOOL_CONVERSION = YES;
				CLANG_WARN_CONSTANT_CONVERSION = YES;
				CLANG_WARN_DIRECT_OBJC_ISA_USAGE = YES_ERROR;
				CLANG_WARN_EMPTY_BODY = YES;
				CLANG_WARN_ENUM_CONVERSION = YES;
				CLANG_WARN_INT_CONVERSION = YES;
				CLANG_WARN_OBJC_ROOT_CLASS = YES_ERROR;
				CLANG_WARN__DUPLICATE_METHOD_MATCH = YES;
				"CODE_SIGN_IDENTITY[sdk=iphoneos*]" = "iPhone Developer";
				COPY_PHASE_STRIP = NO;
				GCC_C_LANGUAGE_STANDARD = gnu99;
				GCC_DYNAMIC_NO_PIC = NO;
				GCC_OPTIMIZATION_LEVEL = 0;
				GCC_PREPROCESSOR_DEFINITIONS = (
					"DEBUG=1",
					"$(inherited)",
				);
				GCC_SYMBOLS_PRIVATE_EXTERN = NO;
				GCC_WARN_64_TO_32_BIT_CONVERSION = YES;
				GCC_WARN_ABOUT_RETURN_TYPE = YES_ERROR;
				GCC_WARN_UNDECLARED_SELECTOR = YES;
				GCC_WARN_UNINITIALIZED_AUTOS = YES;
				GCC_WARN_UNUSED_FUNCTION = YES;
				GCC_WARN_UNUSED_VARIABLE = YES;
				IPHONEOS_DEPLOYMENT_TARGET = 7.0;
				ONLY_ACTIVE_ARCH = YES;
				SDKROOT = iphoneos;
			};
			name = Debug;
		};
		6E39778D19377F3500E5A00F /* Release */ = {
			isa = XCBuildConfiguration;
			buildSettings = {
				ALWAYS_SEARCH_USER_PATHS = NO;
				ARCHS = "$(ARCHS_STANDARD_INCLUDING_64_BIT)";
				CLANG_CXX_LANGUAGE_STANDARD = "gnu++0x";
				CLANG_CXX_LIBRARY = "libc++";
				CLANG_ENABLE_MODULES = YES;
				CLANG_ENABLE_OBJC_ARC = YES;
				CLANG_WARN_BOOL_CONVERSION = YES;
				CLANG_WARN_CONSTANT_CONVERSION = YES;
				CLANG_WARN_DIRECT_OBJC_ISA_USAGE = YES_ERROR;
				CLANG_WARN_EMPTY_BODY = YES;
				CLANG_WARN_ENUM_CONVERSION = YES;
				CLANG_WARN_INT_CONVERSION = YES;
				CLANG_WARN_OBJC_ROOT_CLASS = YES_ERROR;
				CLANG_WARN__DUPLICATE_METHOD_MATCH = YES;
				"CODE_SIGN_IDENTITY[sdk=iphoneos*]" = "iPhone Developer";
				COPY_PHASE_STRIP = YES;
				ENABLE_NS_ASSERTIONS = NO;
				GCC_C_LANGUAGE_STANDARD = gnu99;
				GCC_WARN_64_TO_32_BIT_CONVERSION = YES;
				GCC_WARN_ABOUT_RETURN_TYPE = YES_ERROR;
				GCC_WARN_UNDECLARED_SELECTOR = YES;
				GCC_WARN_UNINITIALIZED_AUTOS = YES;
				GCC_WARN_UNUSED_FUNCTION = YES;
				GCC_WARN_UNUSED_VARIABLE = YES;
				IPHONEOS_DEPLOYMENT_TARGET = 7.0;
				SDKROOT = iphoneos;
				VALIDATE_PRODUCT = YES;
			};
			name = Release;
		};
		6E39778F19377F3500E5A00F /* Debug */ = {
			isa = XCBuildConfiguration;
			buildSettings = {
				ASSETCATALOG_COMPILER_APPICON_NAME = AppIcon;
				ASSETCATALOG_COMPILER_LAUNCHIMAGE_NAME = LaunchImage;
				GCC_PRECOMPILE_PREFIX_HEADER = YES;
				GCC_PREFIX_HEADER = "QPChatNoUse/QPChatNoUse-Prefix.pch";
				INFOPLIST_FILE = "QPChatNoUse/QPChatNoUse-Info.plist";
				PRODUCT_NAME = "$(TARGET_NAME)";
				WRAPPER_EXTENSION = app;
			};
			name = Debug;
		};
		6E39779019377F3500E5A00F /* Release */ = {
			isa = XCBuildConfiguration;
			buildSettings = {
				ASSETCATALOG_COMPILER_APPICON_NAME = AppIcon;
				ASSETCATALOG_COMPILER_LAUNCHIMAGE_NAME = LaunchImage;
				GCC_PRECOMPILE_PREFIX_HEADER = YES;
				GCC_PREFIX_HEADER = "QPChatNoUse/QPChatNoUse-Prefix.pch";
				INFOPLIST_FILE = "QPChatNoUse/QPChatNoUse-Info.plist";
				PRODUCT_NAME = "$(TARGET_NAME)";
				WRAPPER_EXTENSION = app;
			};
			name = Release;
		};
		6E39779219377F3500E5A00F /* Debug */ = {
			isa = XCBuildConfiguration;
			buildSettings = {
				ARCHS = "$(ARCHS_STANDARD_INCLUDING_64_BIT)";
				BUNDLE_LOADER = "$(BUILT_PRODUCTS_DIR)/QPChatNoUse.app/QPChatNoUse";
				FRAMEWORK_SEARCH_PATHS = (
					"$(SDKROOT)/Developer/Library/Frameworks",
					"$(inherited)",
					"$(DEVELOPER_FRAMEWORKS_DIR)",
				);
				GCC_PRECOMPILE_PREFIX_HEADER = YES;
				GCC_PREFIX_HEADER = "QPChatNoUse/QPChatNoUse-Prefix.pch";
				GCC_PREPROCESSOR_DEFINITIONS = (
					"DEBUG=1",
					"$(inherited)",
				);
				INFOPLIST_FILE = "QPChatNoUseTests/QPChatNoUseTests-Info.plist";
				PRODUCT_NAME = "$(TARGET_NAME)";
				TEST_HOST = "$(BUNDLE_LOADER)";
				WRAPPER_EXTENSION = xctest;
			};
			name = Debug;
		};
		6E39779319377F3500E5A00F /* Release */ = {
			isa = XCBuildConfiguration;
			buildSettings = {
				ARCHS = "$(ARCHS_STANDARD_INCLUDING_64_BIT)";
				BUNDLE_LOADER = "$(BUILT_PRODUCTS_DIR)/QPChatNoUse.app/QPChatNoUse";
				FRAMEWORK_SEARCH_PATHS = (
					"$(SDKROOT)/Developer/Library/Frameworks",
					"$(inherited)",
					"$(DEVELOPER_FRAMEWORKS_DIR)",
				);
				GCC_PRECOMPILE_PREFIX_HEADER = YES;
				GCC_PREFIX_HEADER = "QPChatNoUse/QPChatNoUse-Prefix.pch";
				INFOPLIST_FILE = "QPChatNoUseTests/QPChatNoUseTests-Info.plist";
				PRODUCT_NAME = "$(TARGET_NAME)";
				TEST_HOST = "$(BUNDLE_LOADER)";
				WRAPPER_EXTENSION = xctest;
			};
			name = Release;
		};
/* End XCBuildConfiguration section */

/* Begin XCConfigurationList section */
		6E39775719377F3400E5A00F /* Build configuration list for PBXProject "QPChatNoUse" */ = {
			isa = XCConfigurationList;
			buildConfigurations = (
				6E39778C19377F3500E5A00F /* Debug */,
				6E39778D19377F3500E5A00F /* Release */,
			);
			defaultConfigurationIsVisible = 0;
			defaultConfigurationName = Release;
		};
		6E39778E19377F3500E5A00F /* Build configuration list for PBXNativeTarget "QPChatNoUse" */ = {
			isa = XCConfigurationList;
			buildConfigurations = (
				6E39778F19377F3500E5A00F /* Debug */,
				6E39779019377F3500E5A00F /* Release */,
			);
			defaultConfigurationIsVisible = 0;
			defaultConfigurationName = Release;
		};
		6E39779119377F3500E5A00F /* Build configuration list for PBXNativeTarget "QPChatNoUseTests" */ = {
			isa = XCConfigurationList;
			buildConfigurations = (
				6E39779219377F3500E5A00F /* Debug */,
				6E39779319377F3500E5A00F /* Release */,
			);
			defaultConfigurationIsVisible = 0;
			defaultConfigurationName = Release;
		};
/* End XCConfigurationList section */
	};
	rootObject = 6E39775419377F3400E5A00F /* Project object */;
}
